// !$*UTF8*$!
{
	archiveVersion = 1;
	classes = {
	};
	objectVersion = 77;
	objects = {

/* Begin PBXContainerItemProxy section */
		AF79084C2DC4115000DC2681 /* PBXContainerItemProxy */ = {
			isa = PBXContainerItemProxy;
			containerPortal = AF7908362DC4114A00DC2681 /* Project object */;
			proxyType = 1;
			remoteGlobalIDString = AF79083D2DC4114A00DC2681;
			remoteInfo = jiujitsujournal;
		};
		AF7908562DC4115000DC2681 /* PBXContainerItemProxy */ = {
			isa = PBXContainerItemProxy;
			containerPortal = AF7908362DC4114A00DC2681 /* Project object */;
			proxyType = 1;
			remoteGlobalIDString = AF79083D2DC4114A00DC2681;
			remoteInfo = jiujitsujournal;
		};
/* End PBXContainerItemProxy section */

/* Begin PBXFileReference section */
		AF79083E2DC4114A00DC2681 /* jiujitsujournal.app */ = {isa = PBXFileReference; explicitFileType = wrapper.application; includeInIndex = 0; path = jiujitsujournal.app; sourceTree = BUILT_PRODUCTS_DIR; };
		AF79084B2DC4115000DC2681 /* jiujitsujournalTests.xctest */ = {isa = PBXFileReference; explicitFileType = wrapper.cfbundle; includeInIndex = 0; path = jiujitsujournalTests.xctest; sourceTree = BUILT_PRODUCTS_DIR; };
		AF7908552DC4115000DC2681 /* jiujitsujournalUITests.xctest */ = {isa = PBXFileReference; explicitFileType = wrapper.cfbundle; includeInIndex = 0; path = jiujitsujournalUITests.xctest; sourceTree = BUILT_PRODUCTS_DIR; };
/* End PBXFileReference section */

/* Begin PBXFileSystemSynchronizedRootGroup section */
		AF7908402DC4114A00DC2681 /* jiujitsujournal */ = {
			isa = PBXFileSystemSynchronizedRootGroup;
			path = jiujitsujournal;
			sourceTree = "<group>";
		};
		AF79084E2DC4115000DC2681 /* jiujitsujournalTests */ = {
			isa = PBXFileSystemSynchronizedRootGroup;
			path = jiujitsujournalTests;
			sourceTree = "<group>";
		};
		AF7908582DC4115000DC2681 /* jiujitsujournalUITests */ = {
			isa = PBXFileSystemSynchronizedRootGroup;
			path = jiujitsujournalUITests;
			sourceTree = "<group>";
		};
/* End PBXFileSystemSynchronizedRootGroup section */

/* Begin PBXFrameworksBuildPhase section */
		AF79083B2DC4114A00DC2681 /* Frameworks */ = {
			isa = PBXFrameworksBuildPhase;
			buildActionMask = 2147483647;
			files = (
			);
			runOnlyForDeploymentPostprocessing = 0;
		};
		AF7908482DC4115000DC2681 /* Frameworks */ = {
			isa = PBXFrameworksBuildPhase;
			buildActionMask = 2147483647;
			files = (
			);
			runOnlyForDeploymentPostprocessing = 0;
		};
		AF7908522DC4115000DC2681 /* Frameworks */ = {
			isa = PBXFrameworksBuildPhase;
			buildActionMask = 2147483647;
			files = (
			);
			runOnlyForDeploymentPostprocessing = 0;
		};
/* End PBXFrameworksBuildPhase section */

/* Begin PBXGroup section */
		AF7908352DC4114A00DC2681 = {
			isa = PBXGroup;
			children = (
				AF7908402DC4114A00DC2681 /* jiujitsujournal */,
				AF79084E2DC4115000DC2681 /* jiujitsujournalTests */,
				AF7908582DC4115000DC2681 /* jiujitsujournalUITests */,
				AF79083F2DC4114A00DC2681 /* Products */,
			);
			sourceTree = "<group>";
		};
		AF79083F2DC4114A00DC2681 /* Products */ = {
			isa = PBXGroup;
			children = (
				AF79083E2DC4114A00DC2681 /* jiujitsujournal.app */,
				AF79084B2DC4115000DC2681 /* jiujitsujournalTests.xctest */,
				AF7908552DC4115000DC2681 /* jiujitsujournalUITests.xctest */,
			);
			name = Products;
			sourceTree = "<group>";
		};
/* End PBXGroup section */

/* Begin PBXNativeTarget section */
		AF79083D2DC4114A00DC2681 /* jiujitsujournal */ = {
			isa = PBXNativeTarget;
			buildConfigurationList = AF79085F2DC4115000DC2681 /* Build configuration list for PBXNativeTarget "jiujitsujournal" */;
			buildPhases = (
				AF79083A2DC4114A00DC2681 /* Sources */,
				AF79083B2DC4114A00DC2681 /* Frameworks */,
				AF79083C2DC4114A00DC2681 /* Resources */,
			);
			buildRules = (
			);
			dependencies = (
			);
			fileSystemSynchronizedGroups = (
				AF7908402DC4114A00DC2681 /* jiujitsujournal */,
			);
			name = jiujitsujournal;
			packageProductDependencies = (
			);
			productName = jiujitsujournal;
			productReference = AF79083E2DC4114A00DC2681 /* jiujitsujournal.app */;
			productType = "com.apple.product-type.application";
		};
		AF79084A2DC4115000DC2681 /* jiujitsujournalTests */ = {
			isa = PBXNativeTarget;
			buildConfigurationList = AF7908622DC4115000DC2681 /* Build configuration list for PBXNativeTarget "jiujitsujournalTests" */;
			buildPhases = (
				AF7908472DC4115000DC2681 /* Sources */,
				AF7908482DC4115000DC2681 /* Frameworks */,
				AF7908492DC4115000DC2681 /* Resources */,
			);
			buildRules = (
			);
			dependencies = (
				AF79084D2DC4115000DC2681 /* PBXTargetDependency */,
			);
			fileSystemSynchronizedGroups = (
				AF79084E2DC4115000DC2681 /* jiujitsujournalTests */,
			);
			name = jiujitsujournalTests;
			packageProductDependencies = (
			);
			productName = jiujitsujournalTests;
			productReference = AF79084B2DC4115000DC2681 /* jiujitsujournalTests.xctest */;
			productType = "com.apple.product-type.bundle.unit-test";
		};
		AF7908542DC4115000DC2681 /* jiujitsujournalUITests */ = {
			isa = PBXNativeTarget;
			buildConfigurationList = AF7908652DC4115000DC2681 /* Build configuration list for PBXNativeTarget "jiujitsujournalUITests" */;
			buildPhases = (
				AF7908512DC4115000DC2681 /* Sources */,
				AF7908522DC4115000DC2681 /* Frameworks */,
				AF7908532DC4115000DC2681 /* Resources */,
			);
			buildRules = (
			);
			dependencies = (
				AF7908572DC4115000DC2681 /* PBXTargetDependency */,
			);
			fileSystemSynchronizedGroups = (
				AF7908582DC4115000DC2681 /* jiujitsujournalUITests */,
			);
			name = jiujitsujournalUITests;
			packageProductDependencies = (
			);
			productName = jiujitsujournalUITests;
			productReference = AF7908552DC4115000DC2681 /* jiujitsujournalUITests.xctest */;
			productType = "com.apple.product-type.bundle.ui-testing";
		};
/* End PBXNativeTarget section */

/* Begin PBXProject section */
		AF7908362DC4114A00DC2681 /* Project object */ = {
			isa = PBXProject;
			attributes = {
				BuildIndependentTargetsInParallel = 1;
				LastSwiftUpdateCheck = 1630;
				LastUpgradeCheck = 1630;
				TargetAttributes = {
					AF79083D2DC4114A00DC2681 = {
						CreatedOnToolsVersion = 16.3;
					};
					AF79084A2DC4115000DC2681 = {
						CreatedOnToolsVersion = 16.3;
						TestTargetID = AF79083D2DC4114A00DC2681;
					};
					AF7908542DC4115000DC2681 = {
						CreatedOnToolsVersion = 16.3;
						TestTargetID = AF79083D2DC4114A00DC2681;
					};
				};
			};
			buildConfigurationList = AF7908392DC4114A00DC2681 /* Build configuration list for PBXProject "jiujitsujournal" */;
			developmentRegion = en;
			hasScannedForEncodings = 0;
			knownRegions = (
				en,
				Base,
			);
			mainGroup = AF7908352DC4114A00DC2681;
			minimizedProjectReferenceProxies = 1;
			preferredProjectObjectVersion = 77;
			productRefGroup = AF79083F2DC4114A00DC2681 /* Products */;
			projectDirPath = "";
			projectRoot = "";
			targets = (
				AF79083D2DC4114A00DC2681 /* jiujitsujournal */,
				AF79084A2DC4115000DC2681 /* jiujitsujournalTests */,
				AF7908542DC4115000DC2681 /* jiujitsujournalUITests */,
			);
		};
/* End PBXProject section */

/* Begin PBXResourcesBuildPhase section */
		AF79083C2DC4114A00DC2681 /* Resources */ = {
			isa = PBXResourcesBuildPhase;
			buildActionMask = 2147483647;
			files = (
			);
			runOnlyForDeploymentPostprocessing = 0;
		};
		AF7908492DC4115000DC2681 /* Resources */ = {
			isa = PBXResourcesBuildPhase;
			buildActionMask = 2147483647;
			files = (
			);
			runOnlyForDeploymentPostprocessing = 0;
		};
		AF7908532DC4115000DC2681 /* Resources */ = {
			isa = PBXResourcesBuildPhase;
			buildActionMask = 2147483647;
			files = (
			);
			runOnlyForDeploymentPostprocessing = 0;
		};
/* End PBXResourcesBuildPhase section */

/* Begin PBXSourcesBuildPhase section */
		AF79083A2DC4114A00DC2681 /* Sources */ = {
			isa = PBXSourcesBuildPhase;
			buildActionMask = 2147483647;
			files = (
			);
			runOnlyForDeploymentPostprocessing = 0;
		};
		AF7908472DC4115000DC2681 /* Sources */ = {
			isa = PBXSourcesBuildPhase;
			buildActionMask = 2147483647;
			files = (
			);
			runOnlyForDeploymentPostprocessing = 0;
		};
		AF7908512DC4115000DC2681 /* Sources */ = {
			isa = PBXSourcesBuildPhase;
			buildActionMask = 2147483647;
			files = (
			);
			runOnlyForDeploymentPostprocessing = 0;
		};
/* End PBXSourcesBuildPhase section */

/* Begin PBXTargetDependency section */
		AF79084D2DC4115000DC2681 /* PBXTargetDependency */ = {
			isa = PBXTargetDependency;
			target = AF79083D2DC4114A00DC2681 /* jiujitsujournal */;
			targetProxy = AF79084C2DC4115000DC2681 /* PBXContainerItemProxy */;
		};
		AF7908572DC4115000DC2681 /* PBXTargetDependency */ = {
			isa = PBXTargetDependency;
			target = AF79083D2DC4114A00DC2681 /* jiujitsujournal */;
			targetProxy = AF7908562DC4115000DC2681 /* PBXContainerItemProxy */;
		};
/* End PBXTargetDependency section */

/* Begin XCBuildConfiguration section */
		AF79085D2DC4115000DC2681 /* Debug */ = {
			isa = XCBuildConfiguration;
			buildSettings = {
				ALWAYS_SEARCH_USER_PATHS = NO;
				ASSETCATALOG_COMPILER_GENERATE_SWIFT_ASSET_SYMBOL_EXTENSIONS = YES;
				CLANG_ANALYZER_NONNULL = YES;
				CLANG_ANALYZER_NUMBER_OBJECT_CONVERSION = YES_AGGRESSIVE;
				CLANG_CXX_LANGUAGE_STANDARD = "gnu++20";
				CLANG_ENABLE_MODULES = YES;
				CLANG_ENABLE_OBJC_ARC = YES;
				CLANG_ENABLE_OBJC_WEAK = YES;
				CLANG_WARN_BLOCK_CAPTURE_AUTORELEASING = YES;
				CLANG_WARN_BOOL_CONVERSION = YES;
				CLANG_WARN_COMMA = YES;
				CLANG_WARN_CONSTANT_CONVERSION = YES;
				CLANG_WARN_DEPRECATED_OBJC_IMPLEMENTATIONS = YES;
				CLANG_WARN_DIRECT_OBJC_ISA_USAGE = YES_ERROR;
				CLANG_WARN_DOCUMENTATION_COMMENTS = YES;
				CLANG_WARN_EMPTY_BODY = YES;
				CLANG_WARN_ENUM_CONVERSION = YES;
				CLANG_WARN_INFINITE_RECURSION = YES;
				CLANG_WARN_INT_CONVERSION = YES;
				CLANG_WARN_NON_LITERAL_NULL_CONVERSION = YES;
				CLANG_WARN_OBJC_IMPLICIT_RETAIN_SELF = YES;
				CLANG_WARN_OBJC_LITERAL_CONVERSION = YES;
				CLANG_WARN_OBJC_ROOT_CLASS = YES_ERROR;
				CLANG_WARN_QUOTED_INCLUDE_IN_FRAMEWORK_HEADER = YES;
				CLANG_WARN_RANGE_LOOP_ANALYSIS = YES;
				CLANG_WARN_STRICT_PROTOTYPES = YES;
				CLANG_WARN_SUSPICIOUS_MOVE = YES;
				CLANG_WARN_UNGUARDED_AVAILABILITY = YES_AGGRESSIVE;
				CLANG_WARN_UNREACHABLE_CODE = YES;
				CLANG_WARN__DUPLICATE_METHOD_MATCH = YES;
				COPY_PHASE_STRIP = NO;
				DEBUG_INFORMATION_FORMAT = dwarf;
				DEVELOPMENT_TEAM = JMFS2XW2DD;
				ENABLE_STRICT_OBJC_MSGSEND = YES;
				ENABLE_TESTABILITY = YES;
				ENABLE_USER_SCRIPT_SANDBOXING = YES;
				GCC_C_LANGUAGE_STANDARD = gnu17;
				GCC_DYNAMIC_NO_PIC = NO;
				GCC_NO_COMMON_BLOCKS = YES;
				GCC_OPTIMIZATION_LEVEL = 0;
				GCC_PREPROCESSOR_DEFINITIONS = (
					"DEBUG=1",
					"$(inherited)",
				);
				GCC_WARN_64_TO_32_BIT_CONVERSION = YES;
				GCC_WARN_ABOUT_RETURN_TYPE = YES_ERROR;
				GCC_WARN_UNDECLARED_SELECTOR = YES;
				GCC_WARN_UNINITIALIZED_AUTOS = YES_AGGRESSIVE;
				GCC_WARN_UNUSED_FUNCTION = YES;
				GCC_WARN_UNUSED_VARIABLE = YES;
				IPHONEOS_DEPLOYMENT_TARGET = 18.4;
				LOCALIZATION_PREFERS_STRING_CATALOGS = YES;
				MTL_ENABLE_DEBUG_INFO = INCLUDE_SOURCE;
				MTL_FAST_MATH = YES;
				ONLY_ACTIVE_ARCH = YES;
				SDKROOT = iphoneos;
				SWIFT_ACTIVE_COMPILATION_CONDITIONS = "DEBUG $(inherited)";
				SWIFT_OPTIMIZATION_LEVEL = "-Onone";
			};
			name = Debug;
		};
		AF79085E2DC4115000DC2681 /* Release */ = {
			isa = XCBuildConfiguration;
			buildSettings = {
				ALWAYS_SEARCH_USER_PATHS = NO;
				ASSETCATALOG_COMPILER_GENERATE_SWIFT_ASSET_SYMBOL_EXTENSIONS = YES;
				CLANG_ANALYZER_NONNULL = YES;
				CLANG_ANALYZER_NUMBER_OBJECT_CONVERSION = YES_AGGRESSIVE;
				CLANG_CXX_LANGUAGE_STANDARD = "gnu++20";
				CLANG_ENABLE_MODULES = YES;
				CLANG_ENABLE_OBJC_ARC = YES;
				CLANG_ENABLE_OBJC_WEAK = YES;
				CLANG_WARN_BLOCK_CAPTURE_AUTORELEASING = YES;
				CLANG_WARN_BOOL_CONVERSION = YES;
				CLANG_WARN_COMMA = YES;
				CLANG_WARN_CONSTANT_CONVERSION = YES;
				CLANG_WARN_DEPRECATED_OBJC_IMPLEMENTATIONS = YES;
				CLANG_WARN_DIRECT_OBJC_ISA_USAGE = YES_ERROR;
				CLANG_WARN_DOCUMENTATION_COMMENTS = YES;
				CLANG_WARN_EMPTY_BODY = YES;
				CLANG_WARN_ENUM_CONVERSION = YES;
				CLANG_WARN_INFINITE_RECURSION = YES;
				CLANG_WARN_INT_CONVERSION = YES;
				CLANG_WARN_NON_LITERAL_NULL_CONVERSION = YES;
				CLANG_WARN_OBJC_IMPLICIT_RETAIN_SELF = YES;
				CLANG_WARN_OBJC_LITERAL_CONVERSION = YES;
				CLANG_WARN_OBJC_ROOT_CLASS = YES_ERROR;
				CLANG_WARN_QUOTED_INCLUDE_IN_FRAMEWORK_HEADER = YES;
				CLANG_WARN_RANGE_LOOP_ANALYSIS = YES;
				CLANG_WARN_STRICT_PROTOTYPES = YES;
				CLANG_WARN_SUSPICIOUS_MOVE = YES;
				CLANG_WARN_UNGUARDED_AVAILABILITY = YES_AGGRESSIVE;
				CLANG_WARN_UNREACHABLE_CODE = YES;
				CLANG_WARN__DUPLICATE_METHOD_MATCH = YES;
				COPY_PHASE_STRIP = NO;
				DEBUG_INFORMATION_FORMAT = "dwarf-with-dsym";
				DEVELOPMENT_TEAM = JMFS2XW2DD;
				ENABLE_NS_ASSERTIONS = NO;
				ENABLE_STRICT_OBJC_MSGSEND = YES;
				ENABLE_USER_SCRIPT_SANDBOXING = YES;
				GCC_C_LANGUAGE_STANDARD = gnu17;
				GCC_NO_COMMON_BLOCKS = YES;
				GCC_WARN_64_TO_32_BIT_CONVERSION = YES;
				GCC_WARN_ABOUT_RETURN_TYPE = YES_ERROR;
				GCC_WARN_UNDECLARED_SELECTOR = YES;
				GCC_WARN_UNINITIALIZED_AUTOS = YES_AGGRESSIVE;
				GCC_WARN_UNUSED_FUNCTION = YES;
				GCC_WARN_UNUSED_VARIABLE = YES;
				IPHONEOS_DEPLOYMENT_TARGET = 18.4;
				LOCALIZATION_PREFERS_STRING_CATALOGS = YES;
				MTL_ENABLE_DEBUG_INFO = NO;
				MTL_FAST_MATH = YES;
				SDKROOT = iphoneos;
				SWIFT_COMPILATION_MODE = wholemodule;
				VALIDATE_PRODUCT = YES;
			};
			name = Release;
		};
		AF7908602DC4115000DC2681 /* Debug */ = {
			isa = XCBuildConfiguration;
			buildSettings = {
				ASSETCATALOG_COMPILER_APPICON_NAME = AppIcon;
				ASSETCATALOG_COMPILER_GLOBAL_ACCENT_COLOR_NAME = AccentColor;
				CODE_SIGN_STYLE = Automatic;
				CURRENT_PROJECT_VERSION = 1;
				DEVELOPMENT_TEAM = JMFS2XW2DD;
				ENABLE_PREVIEWS = YES;
				GENERATE_INFOPLIST_FILE = YES;
				INFOPLIST_KEY_UIApplicationSceneManifest_Generation = YES;
				INFOPLIST_KEY_UIApplicationSupportsIndirectInputEvents = YES;
				INFOPLIST_KEY_UILaunchScreen_Generation = YES;
				INFOPLIST_KEY_UISupportedInterfaceOrientations_iPad = "UIInterfaceOrientationPortrait UIInterfaceOrientationPortraitUpsideDown UIInterfaceOrientationLandscapeLeft UIInterfaceOrientationLandscapeRight";
				INFOPLIST_KEY_UISupportedInterfaceOrientations_iPhone = "UIInterfaceOrientationPortrait UIInterfaceOrientationLandscapeLeft UIInterfaceOrientationLandscapeRight";
				LD_RUNPATH_SEARCH_PATHS = (
					"$(inherited)",
					"@executable_path/Frameworks",
				);
				MARKETING_VERSION = 1.0;
				PRODUCT_BUNDLE_IDENTIFIER = me.ly.jimmy.jiujitsujournal;
				PRODUCT_NAME = "$(TARGET_NAME)";
				SWIFT_EMIT_LOC_STRINGS = YES;
				SWIFT_VERSION = 5.0;
				TARGETED_DEVICE_FAMILY = "1,2";
			};
			name = Debug;
		};
		AF7908612DC4115000DC2681 /* Release */ = {
			isa = XCBuildConfiguration;
			buildSettings = {
				ASSETCATALOG_COMPILER_APPICON_NAME = AppIcon;
				ASSETCATALOG_COMPILER_GLOBAL_ACCENT_COLOR_NAME = AccentColor;
				CODE_SIGN_STYLE = Automatic;
				CURRENT_PROJECT_VERSION = 1;
				DEVELOPMENT_TEAM = JMFS2XW2DD;
				ENABLE_PREVIEWS = YES;
				GENERATE_INFOPLIST_FILE = YES;
				INFOPLIST_KEY_UIApplicationSceneManifest_Generation = YES;
				INFOPLIST_KEY_UIApplicationSupportsIndirectInputEvents = YES;
				INFOPLIST_KEY_UILaunchScreen_Generation = YES;
				INFOPLIST_KEY_UISupportedInterfaceOrientations_iPad = "UIInterfaceOrientationPortrait UIInterfaceOrientationPortraitUpsideDown UIInterfaceOrientationLandscapeLeft UIInterfaceOrientationLandscapeRight";
				INFOPLIST_KEY_UISupportedInterfaceOrientations_iPhone = "UIInterfaceOrientationPortrait UIInterfaceOrientationLandscapeLeft UIInterfaceOrientationLandscapeRight";
				LD_RUNPATH_SEARCH_PATHS = (
					"$(inherited)",
					"@executable_path/Frameworks",
				);
				MARKETING_VERSION = 1.0;
				PRODUCT_BUNDLE_IDENTIFIER = me.ly.jimmy.jiujitsujournal;
				PRODUCT_NAME = "$(TARGET_NAME)";
				SWIFT_EMIT_LOC_STRINGS = YES;
				SWIFT_VERSION = 5.0;
				TARGETED_DEVICE_FAMILY = "1,2";
			};
			name = Release;
		};
		AF7908632DC4115000DC2681 /* Debug */ = {
			isa = XCBuildConfiguration;
			buildSettings = {
				BUNDLE_LOADER = "$(TEST_HOST)";
				CODE_SIGN_STYLE = Automatic;
				CURRENT_PROJECT_VERSION = 1;
				DEVELOPMENT_TEAM = JMFS2XW2DD;
				GENERATE_INFOPLIST_FILE = YES;
				IPHONEOS_DEPLOYMENT_TARGET = 18.4;
				MARKETING_VERSION = 1.0;
				PRODUCT_BUNDLE_IDENTIFIER = me.ly.jimmy.jiujitsujournalTests;
				PRODUCT_NAME = "$(TARGET_NAME)";
				SWIFT_EMIT_LOC_STRINGS = NO;
				SWIFT_VERSION = 5.0;
				TARGETED_DEVICE_FAMILY = "1,2";
				TEST_HOST = "$(BUILT_PRODUCTS_DIR)/jiujitsujournal.app/$(BUNDLE_EXECUTABLE_FOLDER_PATH)/jiujitsujournal";
			};
			name = Debug;
		};
		AF7908642DC4115000DC2681 /* Release */ = {
			isa = XCBuildConfiguration;
			buildSettings = {
				BUNDLE_LOADER = "$(TEST_HOST)";
				CODE_SIGN_STYLE = Automatic;
				CURRENT_PROJECT_VERSION = 1;
				DEVELOPMENT_TEAM = JMFS2XW2DD;
				GENERATE_INFOPLIST_FILE = YES;
				IPHONEOS_DEPLOYMENT_TARGET = 18.4;
				MARKETING_VERSION = 1.0;
				PRODUCT_BUNDLE_IDENTIFIER = me.ly.jimmy.jiujitsujournalTests;
				PRODUCT_NAME = "$(TARGET_NAME)";
				SWIFT_EMIT_LOC_STRINGS = NO;
				SWIFT_VERSION = 5.0;
				TARGETED_DEVICE_FAMILY = "1,2";
				TEST_HOST = "$(BUILT_PRODUCTS_DIR)/jiujitsujournal.app/$(BUNDLE_EXECUTABLE_FOLDER_PATH)/jiujitsujournal";
			};
			name = Release;
		};
		AF7908662DC4115000DC2681 /* Debug */ = {
			isa = XCBuildConfiguration;
			buildSettings = {
				CODE_SIGN_STYLE = Automatic;
				CURRENT_PROJECT_VERSION = 1;
				DEVELOPMENT_TEAM = JMFS2XW2DD;
				GENERATE_INFOPLIST_FILE = YES;
				MARKETING_VERSION = 1.0;
				PRODUCT_BUNDLE_IDENTIFIER = me.ly.jimmy.jiujitsujournalUITests;
				PRODUCT_NAME = "$(TARGET_NAME)";
				SWIFT_EMIT_LOC_STRINGS = NO;
				SWIFT_VERSION = 5.0;
				TARGETED_DEVICE_FAMILY = "1,2";
				TEST_TARGET_NAME = jiujitsujournal;
			};
			name = Debug;
		};
		AF7908672DC4115000DC2681 /* Release */ = {
			isa = XCBuildConfiguration;
			buildSettings = {
				CODE_SIGN_STYLE = Automatic;
				CURRENT_PROJECT_VERSION = 1;
				DEVELOPMENT_TEAM = JMFS2XW2DD;
				GENERATE_INFOPLIST_FILE = YES;
				MARKETING_VERSION = 1.0;
				PRODUCT_BUNDLE_IDENTIFIER = me.ly.jimmy.jiujitsujournalUITests;
				PRODUCT_NAME = "$(TARGET_NAME)";
				SWIFT_EMIT_LOC_STRINGS = NO;
				SWIFT_VERSION = 5.0;
				TARGETED_DEVICE_FAMILY = "1,2";
				TEST_TARGET_NAME = jiujitsujournal;
			};
			name = Release;
		};
/* End XCBuildConfiguration section */

/* Begin XCConfigurationList section */
		AF7908392DC4114A00DC2681 /* Build configuration list for PBXProject "jiujitsujournal" */ = {
			isa = XCConfigurationList;
			buildConfigurations = (
				AF79085D2DC4115000DC2681 /* Debug */,
				AF79085E2DC4115000DC2681 /* Release */,
			);
			defaultConfigurationIsVisible = 0;
			defaultConfigurationName = Release;
		};
		AF79085F2DC4115000DC2681 /* Build configuration list for PBXNativeTarget "jiujitsujournal" */ = {
			isa = XCConfigurationList;
			buildConfigurations = (
				AF7908602DC4115000DC2681 /* Debug */,
				AF7908612DC4115000DC2681 /* Release */,
			);
			defaultConfigurationIsVisible = 0;
			defaultConfigurationName = Release;
		};
		AF7908622DC4115000DC2681 /* Build configuration list for PBXNativeTarget "jiujitsujournalTests" */ = {
			isa = XCConfigurationList;
			buildConfigurations = (
				AF7908632DC4115000DC2681 /* Debug */,
				AF7908642DC4115000DC2681 /* Release */,
			);
			defaultConfigurationIsVisible = 0;
			defaultConfigurationName = Release;
		};
		AF7908652DC4115000DC2681 /* Build configuration list for PBXNativeTarget "jiujitsujournalUITests" */ = {
			isa = XCConfigurationList;
			buildConfigurations = (
				AF7908662DC4115000DC2681 /* Debug */,
				AF7908672DC4115000DC2681 /* Release */,
			);
			defaultConfigurationIsVisible = 0;
			defaultConfigurationName = Release;
		};
/* End XCConfigurationList section */
	};
	rootObject = AF7908362DC4114A00DC2681 /* Project object */;
}
